
Microsoft Visual Studio Solution File, Format Version 12.00
# Visual Studio 2012
Project("{FAE04EC0-301F-11D3-BF4B-00C04F79EFBC}") = "Shared", "Shared\Shared.csproj", "{4AD7CAE8-47D9-4DE3-959F-ADCBE10726ED}"
EndProject
Project("{FAE04EC0-301F-11D3-BF4B-00C04F79EFBC}") = "Server", "Server\Server.csproj", "{7B101559-C097-48DB-BE2D-6CAAD5AD69D8}"
EndProject
Project("{FAE04EC0-301F-11D3-BF4B-00C04F79EFBC}") = "Host", "Host\Host.csproj", "{93E1D6D0-AF82-4D96-8C7B-0A360EBF144A}"
EndProject
Project("{FAE04EC0-301F-11D3-BF4B-00C04F79EFBC}") = "JobClient", "JobClient\JobClient.csproj", "{6155718E-B350-4DA9-94DB-24012F2438D8}"
EndProject
Global
	GlobalSection(SolutionConfigurationPlatforms) = preSolution
		Debug|Any CPU = Debug|Any CPU
		Debug|Mixed Platforms = Debug|Mixed Platforms
		Debug|x86 = Debug|x86
		Release|Any CPU = Release|Any CPU
		Release|Mixed Platforms = Release|Mixed Platforms
		Release|x86 = Release|x86
	EndGlobalSection
	GlobalSection(ProjectConfigurationPlatforms) = postSolution
		{4AD7CAE8-47D9-4DE3-959F-ADCBE10726ED}.Debug|Any CPU.ActiveCfg = Debug|Any CPU
		{4AD7CAE8-47D9-4DE3-959F-ADCBE10726ED}.Debug|Any CPU.Build.0 = Debug|Any CPU
		{4AD7CAE8-47D9-4DE3-959F-ADCBE10726ED}.Debug|Mixed Platforms.ActiveCfg = Debug|x86
		{4AD7CAE8-47D9-4DE3-959F-ADCBE10726ED}.Debug|Mixed Platforms.Build.0 = Debug|x86
		{4AD7CAE8-47D9-4DE3-959F-ADCBE10726ED}.Debug|x86.ActiveCfg = Debug|x86
		{4AD7CAE8-47D9-4DE3-959F-ADCBE10726ED}.Debug|x86.Build.0 = Debug|x86
		{4AD7CAE8-47D9-4DE3-959F-ADCBE10726ED}.Release|Any CPU.ActiveCfg = Release|Any CPU
		{4AD7CAE8-47D9-4DE3-959F-ADCBE10726ED}.Release|Any CPU.Build.0 = Release|Any CPU
		{4AD7CAE8-47D9-4DE3-959F-ADCBE10726ED}.Release|Mixed Platforms.ActiveCfg = Release|x86
		{4AD7CAE8-47D9-4DE3-959F-ADCBE10726ED}.Release|Mixed Platforms.Build.0 = Release|x86
		{4AD7CAE8-47D9-4DE3-959F-ADCBE10726ED}.Release|x86.ActiveCfg = Release|x86
		{4AD7CAE8-47D9-4DE3-959F-ADCBE10726ED}.Release|x86.Build.0 = Release|x86
		{7B101559-C097-48DB-BE2D-6CAAD5AD69D8}.Debug|Any CPU.ActiveCfg = Debug|Any CPU
		{7B101559-C097-48DB-BE2D-6CAAD5AD69D8}.Debug|Any CPU.Build.0 = Debug|Any CPU
		{7B101559-C097-48DB-BE2D-6CAAD5AD69D8}.Debug|Mixed Platforms.ActiveCfg = Debug|x86
		{7B101559-C097-48DB-BE2D-6CAAD5AD69D8}.Debug|Mixed Platforms.Build.0 = Debug|x86
		{7B101559-C097-48DB-BE2D-6CAAD5AD69D8}.Debug|x86.ActiveCfg = Debug|x86
		{7B101559-C097-48DB-BE2D-6CAAD5AD69D8}.Debug|x86.Build.0 = Debug|x86
		{7B101559-C097-48DB-BE2D-6CAAD5AD69D8}.Release|Any CPU.ActiveCfg = Release|Any CPU
		{7B101559-C097-48DB-BE2D-6CAAD5AD69D8}.Release|Any CPU.Build.0 = Release|Any CPU
		{7B101559-C097-48DB-BE2D-6CAAD5AD69D8}.Release|Mixed Platforms.ActiveCfg = Release|x86
		{7B101559-C097-48DB-BE2D-6CAAD5AD69D8}.Release|Mixed Platforms.Build.0 = Release|x86
		{7B101559-C097-48DB-BE2D-6CAAD5AD69D8}.Release|x86.ActiveCfg = Release|x86
		{7B101559-C097-48DB-BE2D-6CAAD5AD69D8}.Release|x86.Build.0 = Release|x86
		{93E1D6D0-AF82-4D96-8C7B-0A360EBF144A}.Debug|Any CPU.ActiveCfg = Debug|Any CPU
		{93E1D6D0-AF82-4D96-8C7B-0A360EBF144A}.Debug|Any CPU.Build.0 = Debug|Any CPU
		{93E1D6D0-AF82-4D96-8C7B-0A360EBF144A}.Debug|Mixed Platforms.ActiveCfg = Debug|Any CPU
		{93E1D6D0-AF82-4D96-8C7B-0A360EBF144A}.Debug|Mixed Platforms.Build.0 = Debug|Any CPU
		{93E1D6D0-AF82-4D96-8C7B-0A360EBF144A}.Debug|x86.ActiveCfg = Debug|x86
		{93E1D6D0-AF82-4D96-8C7B-0A360EBF144A}.Debug|x86.Build.0 = Debug|x86
		{93E1D6D0-AF82-4D96-8C7B-0A360EBF144A}.Release|Any CPU.ActiveCfg = Release|Any CPU
		{93E1D6D0-AF82-4D96-8C7B-0A360EBF144A}.Release|Any CPU.Build.0 = Release|Any CPU
		{93E1D6D0-AF82-4D96-8C7B-0A360EBF144A}.Release|Mixed Platforms.ActiveCfg = Release|Any CPU
		{93E1D6D0-AF82-4D96-8C7B-0A360EBF144A}.Release|Mixed Platforms.Build.0 = Release|Any CPU
		{93E1D6D0-AF82-4D96-8C7B-0A360EBF144A}.Release|x86.ActiveCfg = Release|x86
		{93E1D6D0-AF82-4D96-8C7B-0A360EBF144A}.Release|x86.Build.0 = Release|x86
		{6155718E-B350-4DA9-94DB-24012F2438D8}.Debug|Any CPU.ActiveCfg = Debug|Any CPU
		{6155718E-B350-4DA9-94DB-24012F2438D8}.Debug|Any CPU.Build.0 = Debug|Any CPU
		{6155718E-B350-4DA9-94DB-24012F2438D8}.Debug|Mixed Platforms.ActiveCfg = Debug|Any CPU
		{6155718E-B350-4DA9-94DB-24012F2438D8}.Debug|Mixed Platforms.Build.0 = Debug|Any CPU
		{6155718E-B350-4DA9-94DB-24012F2438D8}.Debug|x86.ActiveCfg = Debug|Any CPU
		{6155718E-B350-4DA9-94DB-24012F2438D8}.Debug|x86.Build.0 = Debug|Any CPU
		{6155718E-B350-4DA9-94DB-24012F2438D8}.Release|Any CPU.ActiveCfg = Release|Any CPU
		{6155718E-B350-4DA9-94DB-24012F2438D8}.Release|Any CPU.Build.0 = Release|Any CPU
		{6155718E-B350-4DA9-94DB-24012F2438D8}.Release|Mixed Platforms.ActiveCfg = Release|Any CPU
		{6155718E-B350-4DA9-94DB-24012F2438D8}.Release|Mixed Platforms.Build.0 = Release|Any CPU
		{6155718E-B350-4DA9-94DB-24012F2438D8}.Release|x86.ActiveCfg = Release|Any CPU
	EndGlobalSection
	GlobalSection(SolutionProperties) = preSolution
		HideSolutionNode = FALSE
	EndGlobalSection
EndGlobal
